
Microsoft Visual Studio Solution File, Format Version 12.00
# Visual Studio Version 17
VisualStudioVersion = 17.9.34607.119
MinimumVisualStudioVersion = 10.0.40219.1
Project("{9A19103F-16F7-4668-BE54-9A1E7A4F7556}") = "Mission07_Baird", "Mission06_Baird\Mission07_Baird.csproj", "{A3A970B4-4026-4DC0-9254-05A859C92D8D}"
EndProject
Global
	GlobalSection(SolutionConfigurationPlatforms) = preSolution
		Debug|Any CPU = Debug|Any CPU
		Release|Any CPU = Release|Any CPU
	EndGlobalSection
	GlobalSection(ProjectConfigurationPlatforms) = postSolution
		{A3A970B4-4026-4DC0-9254-05A859C92D8D}.Debug|Any CPU.ActiveCfg = Debug|Any CPU
		{A3A970B4-4026-4DC0-9254-05A859C92D8D}.Debug|Any CPU.Build.0 = Debug|Any CPU
		{A3A970B4-4026-4DC0-9254-05A859C92D8D}.Release|Any CPU.ActiveCfg = Release|Any CPU
		{A3A970B4-4026-4DC0-9254-05A859C92D8D}.Release|Any CPU.Build.0 = Release|Any CPU
	EndGlobalSection
	GlobalSection(SolutionProperties) = preSolution
		HideSolutionNode = FALSE
	EndGlobalSection
	GlobalSection(ExtensibilityGlobals) = postSolution
		SolutionGuid = {91F8C4AF-816A-4107-84BD-2A988E9DA331}
	EndGlobalSection
EndGlobal
